
Microsoft Visual Studio Solution File, Format Version 12.00
# Visual Studio Version 17
VisualStudioVersion = 17.5.33516.290
MinimumVisualStudioVersion = 10.0.40219.1
Project("{9A19103F-16F7-4668-BE54-9A1E7A4F7556}") = "AteaAzureTask", "AteaAzureTask\AteaAzureTask.csproj", "{63A22E29-ABDC-4648-A38A-4CD6BFFD0469}"
EndProject
Project("{9A19103F-16F7-4668-BE54-9A1E7A4F7556}") = "AteaAzureTask.Api", "AteaAzureTask.Api\AteaAzureTask.Api.csproj", "{56082827-043B-4CA2-9C70-311AA9DDB09A}"
EndProject
Project("{FAE04EC0-301F-11D3-BF4B-00C04F79EFBC}") = "AteaAzureTask.Shared", "AteaAzureTask.Shared\AteaAzureTask.Shared.csproj", "{3D47EEA9-4720-4559-8F3A-8910663B7506}"
EndProject
Global
	GlobalSection(SolutionConfigurationPlatforms) = preSolution
		Debug|Any CPU = Debug|Any CPU
		Release|Any CPU = Release|Any CPU
	EndGlobalSection
	GlobalSection(ProjectConfigurationPlatforms) = postSolution
		{63A22E29-ABDC-4648-A38A-4CD6BFFD0469}.Debug|Any CPU.ActiveCfg = Debug|Any CPU
		{63A22E29-ABDC-4648-A38A-4CD6BFFD0469}.Debug|Any CPU.Build.0 = Debug|Any CPU
		{63A22E29-ABDC-4648-A38A-4CD6BFFD0469}.Release|Any CPU.ActiveCfg = Release|Any CPU
		{63A22E29-ABDC-4648-A38A-4CD6BFFD0469}.Release|Any CPU.Build.0 = Release|Any CPU
		{56082827-043B-4CA2-9C70-311AA9DDB09A}.Debug|Any CPU.ActiveCfg = Debug|Any CPU
		{56082827-043B-4CA2-9C70-311AA9DDB09A}.Debug|Any CPU.Build.0 = Debug|Any CPU
		{56082827-043B-4CA2-9C70-311AA9DDB09A}.Release|Any CPU.ActiveCfg = Release|Any CPU
		{56082827-043B-4CA2-9C70-311AA9DDB09A}.Release|Any CPU.Build.0 = Release|Any CPU
		{3D47EEA9-4720-4559-8F3A-8910663B7506}.Debug|Any CPU.ActiveCfg = Debug|Any CPU
		{3D47EEA9-4720-4559-8F3A-8910663B7506}.Debug|Any CPU.Build.0 = Debug|Any CPU
		{3D47EEA9-4720-4559-8F3A-8910663B7506}.Release|Any CPU.ActiveCfg = Release|Any CPU
		{3D47EEA9-4720-4559-8F3A-8910663B7506}.Release|Any CPU.Build.0 = Release|Any CPU
	EndGlobalSection
	GlobalSection(SolutionProperties) = preSolution
		HideSolutionNode = FALSE
	EndGlobalSection
	GlobalSection(ExtensibilityGlobals) = postSolution
		SolutionGuid = {EDFA5EF0-1D74-4A95-931B-DD20D51CBD0D}
	EndGlobalSection
EndGlobal
